// !$*UTF8*$!
{
	archiveVersion = 1;
	classes = {
	};
	objectVersion = 46;
	objects = {

/* Begin PBXBuildFile section */
		002D85BF1D23765400D47691 /* Day.swift in Sources */ = {isa = PBXBuildFile; fileRef = 002D85BE1D23765400D47691 /* Day.swift */; };
		005D4AA71D22364800E31122 /* SemesterInfo.swift in Sources */ = {isa = PBXBuildFile; fileRef = 005D4AA61D22364800E31122 /* SemesterInfo.swift */; };
		042F549E1D22830D002587B1 /* week.swift in Sources */ = {isa = PBXBuildFile; fileRef = 042F549D1D22830D002587B1 /* week.swift */; };
		04A69B981D22276A0090ECDC /* AppDelegate.swift in Sources */ = {isa = PBXBuildFile; fileRef = 04A69B971D22276A0090ECDC /* AppDelegate.swift */; };
		04A69B9A1D22276A0090ECDC /* ViewController.swift in Sources */ = {isa = PBXBuildFile; fileRef = 04A69B991D22276A0090ECDC /* ViewController.swift */; };
		04A69B9D1D22276A0090ECDC /* Main.storyboard in Resources */ = {isa = PBXBuildFile; fileRef = 04A69B9B1D22276A0090ECDC /* Main.storyboard */; };
		04A69B9F1D22276A0090ECDC /* Assets.xcassets in Resources */ = {isa = PBXBuildFile; fileRef = 04A69B9E1D22276A0090ECDC /* Assets.xcassets */; };
		04A69BA21D22276A0090ECDC /* LaunchScreen.storyboard in Resources */ = {isa = PBXBuildFile; fileRef = 04A69BA01D22276A0090ECDC /* LaunchScreen.storyboard */; };
		04A69BAD1D22276A0090ECDC /* MyTimetableTests.swift in Sources */ = {isa = PBXBuildFile; fileRef = 04A69BAC1D22276A0090ECDC /* MyTimetableTests.swift */; };
		04A69BB81D22276A0090ECDC /* MyTimetableUITests.swift in Sources */ = {isa = PBXBuildFile; fileRef = 04A69BB71D22276A0090ECDC /* MyTimetableUITests.swift */; };
		04A69BC81D2231A50090ECDC /* SemesterTVC.swift in Sources */ = {isa = PBXBuildFile; fileRef = 04A69BC71D2231A50090ECDC /* SemesterTVC.swift */; };
		04E5646B1D2CF36C00B51902 /* ScheduleInfo.swift in Sources */ = {isa = PBXBuildFile; fileRef = 04E5646A1D2CF36C00B51902 /* ScheduleInfo.swift */; };
/* End PBXBuildFile section */

/* Begin PBXContainerItemProxy section */
		04A69BA91D22276A0090ECDC /* PBXContainerItemProxy */ = {
			isa = PBXContainerItemProxy;
			containerPortal = 04A69B8C1D22276A0090ECDC /* Project object */;
			proxyType = 1;
			remoteGlobalIDString = 04A69B931D22276A0090ECDC;
			remoteInfo = MyTimetable;
		};
		04A69BB41D22276A0090ECDC /* PBXContainerItemProxy */ = {
			isa = PBXContainerItemProxy;
			containerPortal = 04A69B8C1D22276A0090ECDC /* Project object */;
			proxyType = 1;
			remoteGlobalIDString = 04A69B931D22276A0090ECDC;
			remoteInfo = MyTimetable;
		};
/* End PBXContainerItemProxy section */

/* Begin PBXFileReference section */
		002D85BE1D23765400D47691 /* Day.swift */ = {isa = PBXFileReference; fileEncoding = 4; lastKnownFileType = sourcecode.swift; path = Day.swift; sourceTree = "<group>"; };
		005D4AA61D22364800E31122 /* SemesterInfo.swift */ = {isa = PBXFileReference; fileEncoding = 4; lastKnownFileType = sourcecode.swift; path = SemesterInfo.swift; sourceTree = "<group>"; };
		042F549D1D22830D002587B1 /* week.swift */ = {isa = PBXFileReference; fileEncoding = 4; lastKnownFileType = sourcecode.swift; path = week.swift; sourceTree = "<group>"; };
		04A69B941D22276A0090ECDC /* MyTimetable.app */ = {isa = PBXFileReference; explicitFileType = wrapper.application; includeInIndex = 0; path = MyTimetable.app; sourceTree = BUILT_PRODUCTS_DIR; };
		04A69B971D22276A0090ECDC /* AppDelegate.swift */ = {isa = PBXFileReference; lastKnownFileType = sourcecode.swift; path = AppDelegate.swift; sourceTree = "<group>"; };
		04A69B991D22276A0090ECDC /* ViewController.swift */ = {isa = PBXFileReference; lastKnownFileType = sourcecode.swift; path = ViewController.swift; sourceTree = "<group>"; };
		04A69B9C1D22276A0090ECDC /* Base */ = {isa = PBXFileReference; lastKnownFileType = file.storyboard; name = Base; path = Base.lproj/Main.storyboard; sourceTree = "<group>"; };
		04A69B9E1D22276A0090ECDC /* Assets.xcassets */ = {isa = PBXFileReference; lastKnownFileType = folder.assetcatalog; path = Assets.xcassets; sourceTree = "<group>"; };
		04A69BA11D22276A0090ECDC /* Base */ = {isa = PBXFileReference; lastKnownFileType = file.storyboard; name = Base; path = Base.lproj/LaunchScreen.storyboard; sourceTree = "<group>"; };
		04A69BA31D22276A0090ECDC /* Info.plist */ = {isa = PBXFileReference; lastKnownFileType = text.plist.xml; path = Info.plist; sourceTree = "<group>"; };
		04A69BA81D22276A0090ECDC /* MyTimetableTests.xctest */ = {isa = PBXFileReference; explicitFileType = wrapper.cfbundle; includeInIndex = 0; path = MyTimetableTests.xctest; sourceTree = BUILT_PRODUCTS_DIR; };
		04A69BAC1D22276A0090ECDC /* MyTimetableTests.swift */ = {isa = PBXFileReference; lastKnownFileType = sourcecode.swift; path = MyTimetableTests.swift; sourceTree = "<group>"; };
		04A69BAE1D22276A0090ECDC /* Info.plist */ = {isa = PBXFileReference; lastKnownFileType = text.plist.xml; path = Info.plist; sourceTree = "<group>"; };
		04A69BB31D22276A0090ECDC /* MyTimetableUITests.xctest */ = {isa = PBXFileReference; explicitFileType = wrapper.cfbundle; includeInIndex = 0; path = MyTimetableUITests.xctest; sourceTree = BUILT_PRODUCTS_DIR; };
		04A69BB71D22276A0090ECDC /* MyTimetableUITests.swift */ = {isa = PBXFileReference; lastKnownFileType = sourcecode.swift; path = MyTimetableUITests.swift; sourceTree = "<group>"; };
		04A69BB91D22276A0090ECDC /* Info.plist */ = {isa = PBXFileReference; lastKnownFileType = text.plist.xml; path = Info.plist; sourceTree = "<group>"; };
		04A69BC71D2231A50090ECDC /* SemesterTVC.swift */ = {isa = PBXFileReference; fileEncoding = 4; lastKnownFileType = sourcecode.swift; name = SemesterTVC.swift; path = ../SemesterTVC.swift; sourceTree = "<group>"; };
		04E5646A1D2CF36C00B51902 /* ScheduleInfo.swift */ = {isa = PBXFileReference; fileEncoding = 4; lastKnownFileType = sourcecode.swift; path = ScheduleInfo.swift; sourceTree = "<group>"; };
/* End PBXFileReference section */

/* Begin PBXFrameworksBuildPhase section */
		04A69B911D22276A0090ECDC /* Frameworks */ = {
			isa = PBXFrameworksBuildPhase;
			buildActionMask = 2147483647;
			files = (
			);
			runOnlyForDeploymentPostprocessing = 0;
		};
		04A69BA51D22276A0090ECDC /* Frameworks */ = {
			isa = PBXFrameworksBuildPhase;
			buildActionMask = 2147483647;
			files = (
			);
			runOnlyForDeploymentPostprocessing = 0;
		};
		04A69BB01D22276A0090ECDC /* Frameworks */ = {
			isa = PBXFrameworksBuildPhase;
			buildActionMask = 2147483647;
			files = (
			);
			runOnlyForDeploymentPostprocessing = 0;
		};
/* End PBXFrameworksBuildPhase section */

/* Begin PBXGroup section */
		04A69B8B1D22276A0090ECDC = {
			isa = PBXGroup;
			children = (
				04A69B961D22276A0090ECDC /* MyTimetable */,
				04A69BAB1D22276A0090ECDC /* MyTimetableTests */,
				04A69BB61D22276A0090ECDC /* MyTimetableUITests */,
				04A69B951D22276A0090ECDC /* Products */,
			);
			sourceTree = "<group>";
		};
		04A69B951D22276A0090ECDC /* Products */ = {
			isa = PBXGroup;
			children = (
				04A69B941D22276A0090ECDC /* MyTimetable.app */,
				04A69BA81D22276A0090ECDC /* MyTimetableTests.xctest */,
				04A69BB31D22276A0090ECDC /* MyTimetableUITests.xctest */,
			);
			name = Products;
			sourceTree = "<group>";
		};
		04A69B961D22276A0090ECDC /* MyTimetable */ = {
			isa = PBXGroup;
			children = (
				04A69B971D22276A0090ECDC /* AppDelegate.swift */,
				04A69B991D22276A0090ECDC /* ViewController.swift */,
				04A69B9B1D22276A0090ECDC /* Main.storyboard */,
				04E5646A1D2CF36C00B51902 /* ScheduleInfo.swift */,
				04A69BC71D2231A50090ECDC /* SemesterTVC.swift */,
				042F549D1D22830D002587B1 /* week.swift */,
				04A69B9E1D22276A0090ECDC /* Assets.xcassets */,
				04A69BA01D22276A0090ECDC /* LaunchScreen.storyboard */,
				04A69BA31D22276A0090ECDC /* Info.plist */,
				005D4AA61D22364800E31122 /* SemesterInfo.swift */,
				002D85BE1D23765400D47691 /* Day.swift */,
			);
			path = MyTimetable;
			sourceTree = "<group>";
		};
		04A69BAB1D22276A0090ECDC /* MyTimetableTests */ = {
			isa = PBXGroup;
			children = (
				04A69BAC1D22276A0090ECDC /* MyTimetableTests.swift */,
				04A69BAE1D22276A0090ECDC /* Info.plist */,
			);
			path = MyTimetableTests;
			sourceTree = "<group>";
		};
		04A69BB61D22276A0090ECDC /* MyTimetableUITests */ = {
			isa = PBXGroup;
			children = (
				04A69BB71D22276A0090ECDC /* MyTimetableUITests.swift */,
				04A69BB91D22276A0090ECDC /* Info.plist */,
			);
			path = MyTimetableUITests;
			sourceTree = "<group>";
		};
/* End PBXGroup section */

/* Begin PBXNativeTarget section */
		04A69B931D22276A0090ECDC /* MyTimetable */ = {
			isa = PBXNativeTarget;
			buildConfigurationList = 04A69BBC1D22276A0090ECDC /* Build configuration list for PBXNativeTarget "MyTimetable" */;
			buildPhases = (
				04A69B901D22276A0090ECDC /* Sources */,
				04A69B911D22276A0090ECDC /* Frameworks */,
				04A69B921D22276A0090ECDC /* Resources */,
			);
			buildRules = (
			);
			dependencies = (
			);
			name = MyTimetable;
			productName = MyTimetable;
			productReference = 04A69B941D22276A0090ECDC /* MyTimetable.app */;
			productType = "com.apple.product-type.application";
		};
		04A69BA71D22276A0090ECDC /* MyTimetableTests */ = {
			isa = PBXNativeTarget;
			buildConfigurationList = 04A69BBF1D22276A0090ECDC /* Build configuration list for PBXNativeTarget "MyTimetableTests" */;
			buildPhases = (
				04A69BA41D22276A0090ECDC /* Sources */,
				04A69BA51D22276A0090ECDC /* Frameworks */,
				04A69BA61D22276A0090ECDC /* Resources */,
			);
			buildRules = (
			);
			dependencies = (
				04A69BAA1D22276A0090ECDC /* PBXTargetDependency */,
			);
			name = MyTimetableTests;
			productName = MyTimetableTests;
			productReference = 04A69BA81D22276A0090ECDC /* MyTimetableTests.xctest */;
			productType = "com.apple.product-type.bundle.unit-test";
		};
		04A69BB21D22276A0090ECDC /* MyTimetableUITests */ = {
			isa = PBXNativeTarget;
			buildConfigurationList = 04A69BC21D22276A0090ECDC /* Build configuration list for PBXNativeTarget "MyTimetableUITests" */;
			buildPhases = (
				04A69BAF1D22276A0090ECDC /* Sources */,
				04A69BB01D22276A0090ECDC /* Frameworks */,
				04A69BB11D22276A0090ECDC /* Resources */,
			);
			buildRules = (
			);
			dependencies = (
				04A69BB51D22276A0090ECDC /* PBXTargetDependency */,
			);
			name = MyTimetableUITests;
			productName = MyTimetableUITests;
			productReference = 04A69BB31D22276A0090ECDC /* MyTimetableUITests.xctest */;
			productType = "com.apple.product-type.bundle.ui-testing";
		};
/* End PBXNativeTarget section */

/* Begin PBXProject section */
		04A69B8C1D22276A0090ECDC /* Project object */ = {
			isa = PBXProject;
			attributes = {
				LastSwiftUpdateCheck = 0730;
				LastUpgradeCheck = 0730;
				ORGANIZATIONNAME = "THUC-NHI LE";
				TargetAttributes = {
					04A69B931D22276A0090ECDC = {
						CreatedOnToolsVersion = 7.3.1;
					};
					04A69BA71D22276A0090ECDC = {
						CreatedOnToolsVersion = 7.3.1;
						TestTargetID = 04A69B931D22276A0090ECDC;
					};
					04A69BB21D22276A0090ECDC = {
						CreatedOnToolsVersion = 7.3.1;
						TestTargetID = 04A69B931D22276A0090ECDC;
					};
				};
			};
			buildConfigurationList = 04A69B8F1D22276A0090ECDC /* Build configuration list for PBXProject "MyTimetable" */;
			compatibilityVersion = "Xcode 3.2";
			developmentRegion = English;
			hasScannedForEncodings = 0;
			knownRegions = (
				en,
				Base,
			);
			mainGroup = 04A69B8B1D22276A0090ECDC;
			productRefGroup = 04A69B951D22276A0090ECDC /* Products */;
			projectDirPath = "";
			projectRoot = "";
			targets = (
				04A69B931D22276A0090ECDC /* MyTimetable */,
				04A69BA71D22276A0090ECDC /* MyTimetableTests */,
				04A69BB21D22276A0090ECDC /* MyTimetableUITests */,
			);
		};
/* End PBXProject section */

/* Begin PBXResourcesBuildPhase section */
		04A69B921D22276A0090ECDC /* Resources */ = {
			isa = PBXResourcesBuildPhase;
			buildActionMask = 2147483647;
			files = (
				04A69BA21D22276A0090ECDC /* LaunchScreen.storyboard in Resources */,
				04A69B9F1D22276A0090ECDC /* Assets.xcassets in Resources */,
				04A69B9D1D22276A0090ECDC /* Main.storyboard in Resources */,
			);
			runOnlyForDeploymentPostprocessing = 0;
		};
		04A69BA61D22276A0090ECDC /* Resources */ = {
			isa = PBXResourcesBuildPhase;
			buildActionMask = 2147483647;
			files = (
			);
			runOnlyForDeploymentPostprocessing = 0;
		};
		04A69BB11D22276A0090ECDC /* Resources */ = {
			isa = PBXResourcesBuildPhase;
			buildActionMask = 2147483647;
			files = (
			);
			runOnlyForDeploymentPostprocessing = 0;
		};
/* End PBXResourcesBuildPhase section */

/* Begin PBXSourcesBuildPhase section */
		04A69B901D22276A0090ECDC /* Sources */ = {
			isa = PBXSourcesBuildPhase;
			buildActionMask = 2147483647;
			files = (
				04A69BC81D2231A50090ECDC /* SemesterTVC.swift in Sources */,
				005D4AA71D22364800E31122 /* SemesterInfo.swift in Sources */,
				002D85BF1D23765400D47691 /* Day.swift in Sources */,
				04A69B9A1D22276A0090ECDC /* ViewController.swift in Sources */,
				042F549E1D22830D002587B1 /* week.swift in Sources */,
				04E5646B1D2CF36C00B51902 /* ScheduleInfo.swift in Sources */,
				04A69B981D22276A0090ECDC /* AppDelegate.swift in Sources */,
			);
			runOnlyForDeploymentPostprocessing = 0;
		};
		04A69BA41D22276A0090ECDC /* Sources */ = {
			isa = PBXSourcesBuildPhase;
			buildActionMask = 2147483647;
			files = (
				04A69BAD1D22276A0090ECDC /* MyTimetableTests.swift in Sources */,
			);
			runOnlyForDeploymentPostprocessing = 0;
		};
		04A69BAF1D22276A0090ECDC /* Sources */ = {
			isa = PBXSourcesBuildPhase;
			buildActionMask = 2147483647;
			files = (
				04A69BB81D22276A0090ECDC /* MyTimetableUITests.swift in Sources */,
			);
			runOnlyForDeploymentPostprocessing = 0;
		};
/* End PBXSourcesBuildPhase section */

/* Begin PBXTargetDependency section */
		04A69BAA1D22276A0090ECDC /* PBXTargetDependency */ = {
			isa = PBXTargetDependency;
			target = 04A69B931D22276A0090ECDC /* MyTimetable */;
			targetProxy = 04A69BA91D22276A0090ECDC /* PBXContainerItemProxy */;
		};
		04A69BB51D22276A0090ECDC /* PBXTargetDependency */ = {
			isa = PBXTargetDependency;
			target = 04A69B931D22276A0090ECDC /* MyTimetable */;
			targetProxy = 04A69BB41D22276A0090ECDC /* PBXContainerItemProxy */;
		};
/* End PBXTargetDependency section */

/* Begin PBXVariantGroup section */
		04A69B9B1D22276A0090ECDC /* Main.storyboard */ = {
			isa = PBXVariantGroup;
			children = (
				04A69B9C1D22276A0090ECDC /* Base */,
			);
			name = Main.storyboard;
			sourceTree = "<group>";
		};
		04A69BA01D22276A0090ECDC /* LaunchScreen.storyboard */ = {
			isa = PBXVariantGroup;
			children = (
				04A69BA11D22276A0090ECDC /* Base */,
			);
			name = LaunchScreen.storyboard;
			sourceTree = "<group>";
		};
/* End PBXVariantGroup section */

/* Begin XCBuildConfiguration section */
		04A69BBA1D22276A0090ECDC /* Debug */ = {
			isa = XCBuildConfiguration;
			buildSettings = {
				ALWAYS_SEARCH_USER_PATHS = NO;
				CLANG_ANALYZER_NONNULL = YES;
				CLANG_CXX_LANGUAGE_STANDARD = "gnu++0x";
				CLANG_CXX_LIBRARY = "libc++";
				CLANG_ENABLE_MODULES = YES;
				CLANG_ENABLE_OBJC_ARC = YES;
				CLANG_WARN_BOOL_CONVERSION = YES;
				CLANG_WARN_CONSTANT_CONVERSION = YES;
				CLANG_WARN_DIRECT_OBJC_ISA_USAGE = YES_ERROR;
				CLANG_WARN_EMPTY_BODY = YES;
				CLANG_WARN_ENUM_CONVERSION = YES;
				CLANG_WARN_INT_CONVERSION = YES;
				CLANG_WARN_OBJC_ROOT_CLASS = YES_ERROR;
				CLANG_WARN_UNREACHABLE_CODE = YES;
				CLANG_WARN__DUPLICATE_METHOD_MATCH = YES;
				"CODE_SIGN_IDENTITY[sdk=iphoneos*]" = "iPhone Developer";
				COPY_PHASE_STRIP = NO;
				DEBUG_INFORMATION_FORMAT = dwarf;
				ENABLE_STRICT_OBJC_MSGSEND = YES;
				ENABLE_TESTABILITY = YES;
				GCC_C_LANGUAGE_STANDARD = gnu99;
				GCC_DYNAMIC_NO_PIC = NO;
				GCC_NO_COMMON_BLOCKS = YES;
				GCC_OPTIMIZATION_LEVEL = 0;
				GCC_PREPROCESSOR_DEFINITIONS = (
					"DEBUG=1",
					"$(inherited)",
				);
				GCC_WARN_64_TO_32_BIT_CONVERSION = YES;
				GCC_WARN_ABOUT_RETURN_TYPE = YES_ERROR;
				GCC_WARN_UNDECLARED_SELECTOR = YES;
				GCC_WARN_UNINITIALIZED_AUTOS = YES_AGGRESSIVE;
				GCC_WARN_UNUSED_FUNCTION = YES;
				GCC_WARN_UNUSED_VARIABLE = YES;
				IPHONEOS_DEPLOYMENT_TARGET = 9.3;
				MTL_ENABLE_DEBUG_INFO = YES;
				ONLY_ACTIVE_ARCH = YES;
				SDKROOT = iphoneos;
				SWIFT_OPTIMIZATION_LEVEL = "-Onone";
			};
			name = Debug;
		};
		04A69BBB1D22276A0090ECDC /* Release */ = {
			isa = XCBuildConfiguration;
			buildSettings = {
				ALWAYS_SEARCH_USER_PATHS = NO;
				CLANG_ANALYZER_NONNULL = YES;
				CLANG_CXX_LANGUAGE_STANDARD = "gnu++0x";
				CLANG_CXX_LIBRARY = "libc++";
				CLANG_ENABLE_MODULES = YES;
				CLANG_ENABLE_OBJC_ARC = YES;
				CLANG_WARN_BOOL_CONVERSION = YES;
				CLANG_WARN_CONSTANT_CONVERSION = YES;
				CLANG_WARN_DIRECT_OBJC_ISA_USAGE = YES_ERROR;
				CLANG_WARN_EMPTY_BODY = YES;
				CLANG_WARN_ENUM_CONVERSION = YES;
				CLANG_WARN_INT_CONVERSION = YES;
				CLANG_WARN_OBJC_ROOT_CLASS = YES_ERROR;
				CLANG_WARN_UNREACHABLE_CODE = YES;
				CLANG_WARN__DUPLICATE_METHOD_MATCH = YES;
				"CODE_SIGN_IDENTITY[sdk=iphoneos*]" = "iPhone Developer";
				COPY_PHASE_STRIP = NO;
				DEBUG_INFORMATION_FORMAT = "dwarf-with-dsym";
				ENABLE_NS_ASSERTIONS = NO;
				ENABLE_STRICT_OBJC_MSGSEND = YES;
				GCC_C_LANGUAGE_STANDARD = gnu99;
				GCC_NO_COMMON_BLOCKS = YES;
				GCC_WARN_64_TO_32_BIT_CONVERSION = YES;
				GCC_WARN_ABOUT_RETURN_TYPE = YES_ERROR;
				GCC_WARN_UNDECLARED_SELECTOR = YES;
				GCC_WARN_UNINITIALIZED_AUTOS = YES_AGGRESSIVE;
				GCC_WARN_UNUSED_FUNCTION = YES;
				GCC_WARN_UNUSED_VARIABLE = YES;
				IPHONEOS_DEPLOYMENT_TARGET = 9.3;
				MTL_ENABLE_DEBUG_INFO = NO;
				SDKROOT = iphoneos;
				VALIDATE_PRODUCT = YES;
			};
			name = Release;
		};
		04A69BBD1D22276A0090ECDC /* Debug */ = {
			isa = XCBuildConfiguration;
			buildSettings = {
				ASSETCATALOG_COMPILER_APPICON_NAME = AppIcon;
				INFOPLIST_FILE = MyTimetable/Info.plist;
				LD_RUNPATH_SEARCH_PATHS = "$(inherited) @executable_path/Frameworks";
				PRODUCT_BUNDLE_IDENTIFIER = io.thucnhi2411.github.MyTimetable;
				PRODUCT_NAME = "$(TARGET_NAME)";
			};
			name = Debug;
		};
		04A69BBE1D22276A0090ECDC /* Release */ = {
			isa = XCBuildConfiguration;
			buildSettings = {
				ASSETCATALOG_COMPILER_APPICON_NAME = AppIcon;
				INFOPLIST_FILE = MyTimetable/Info.plist;
				LD_RUNPATH_SEARCH_PATHS = "$(inherited) @executable_path/Frameworks";
				PRODUCT_BUNDLE_IDENTIFIER = io.thucnhi2411.github.MyTimetable;
				PRODUCT_NAME = "$(TARGET_NAME)";
			};
			name = Release;
		};
		04A69BC01D22276A0090ECDC /* Debug */ = {
			isa = XCBuildConfiguration;
			buildSettings = {
				BUNDLE_LOADER = "$(TEST_HOST)";
				INFOPLIST_FILE = MyTimetableTests/Info.plist;
				LD_RUNPATH_SEARCH_PATHS = "$(inherited) @executable_path/Frameworks @loader_path/Frameworks";
				PRODUCT_BUNDLE_IDENTIFIER = io.thucnhi2411.github.MyTimetableTests;
				PRODUCT_NAME = "$(TARGET_NAME)";
				TEST_HOST = "$(BUILT_PRODUCTS_DIR)/MyTimetable.app/MyTimetable";
			};
			name = Debug;
		};
		04A69BC11D22276A0090ECDC /* Release */ = {
			isa = XCBuildConfiguration;
			buildSettings = {
				BUNDLE_LOADER = "$(TEST_HOST)";
				INFOPLIST_FILE = MyTimetableTests/Info.plist;
				LD_RUNPATH_SEARCH_PATHS = "$(inherited) @executable_path/Frameworks @loader_path/Frameworks";
				PRODUCT_BUNDLE_IDENTIFIER = io.thucnhi2411.github.MyTimetableTests;
				PRODUCT_NAME = "$(TARGET_NAME)";
				TEST_HOST = "$(BUILT_PRODUCTS_DIR)/MyTimetable.app/MyTimetable";
			};
			name = Release;
		};
		04A69BC31D22276A0090ECDC /* Debug */ = {
			isa = XCBuildConfiguration;
			buildSettings = {
				INFOPLIST_FILE = MyTimetableUITests/Info.plist;
				LD_RUNPATH_SEARCH_PATHS = "$(inherited) @executable_path/Frameworks @loader_path/Frameworks";
				PRODUCT_BUNDLE_IDENTIFIER = io.thucnhi2411.github.MyTimetableUITests;
				PRODUCT_NAME = "$(TARGET_NAME)";
				TEST_TARGET_NAME = MyTimetable;
			};
			name = Debug;
		};
		04A69BC41D22276A0090ECDC /* Release */ = {
			isa = XCBuildConfiguration;
			buildSettings = {
				INFOPLIST_FILE = MyTimetableUITests/Info.plist;
				LD_RUNPATH_SEARCH_PATHS = "$(inherited) @executable_path/Frameworks @loader_path/Frameworks";
				PRODUCT_BUNDLE_IDENTIFIER = io.thucnhi2411.github.MyTimetableUITests;
				PRODUCT_NAME = "$(TARGET_NAME)";
				TEST_TARGET_NAME = MyTimetable;
			};
			name = Release;
		};
/* End XCBuildConfiguration section */

/* Begin XCConfigurationList section */
		04A69B8F1D22276A0090ECDC /* Build configuration list for PBXProject "MyTimetable" */ = {
			isa = XCConfigurationList;
			buildConfigurations = (
				04A69BBA1D22276A0090ECDC /* Debug */,
				04A69BBB1D22276A0090ECDC /* Release */,
			);
			defaultConfigurationIsVisible = 0;
			defaultConfigurationName = Release;
		};
		04A69BBC1D22276A0090ECDC /* Build configuration list for PBXNativeTarget "MyTimetable" */ = {
			isa = XCConfigurationList;
			buildConfigurations = (
				04A69BBD1D22276A0090ECDC /* Debug */,
				04A69BBE1D22276A0090ECDC /* Release */,
			);
			defaultConfigurationIsVisible = 0;
			defaultConfigurationName = Release;
		};
		04A69BBF1D22276A0090ECDC /* Build configuration list for PBXNativeTarget "MyTimetableTests" */ = {
			isa = XCConfigurationList;
			buildConfigurations = (
				04A69BC01D22276A0090ECDC /* Debug */,
				04A69BC11D22276A0090ECDC /* Release */,
			);
			defaultConfigurationIsVisible = 0;
			defaultConfigurationName = Release;
		};
		04A69BC21D22276A0090ECDC /* Build configuration list for PBXNativeTarget "MyTimetableUITests" */ = {
			isa = XCConfigurationList;
			buildConfigurations = (
				04A69BC31D22276A0090ECDC /* Debug */,
				04A69BC41D22276A0090ECDC /* Release */,
			);
			defaultConfigurationIsVisible = 0;
			defaultConfigurationName = Release;
		};
/* End XCConfigurationList section */
	};
	rootObject = 04A69B8C1D22276A0090ECDC /* Project object */;
}
